
Microsoft Visual Studio Solution File, Format Version 12.00
# Visual Studio Version 17
VisualStudioVersion = 17.0.31717.71
MinimumVisualStudioVersion = 10.0.40219.1
Project("{8BC9CEB8-8B4A-11D0-8D11-00A0C91BC942}") = "Calculator-2", "Calculator-2.vcxproj", "{D2976EA1-DB60-4756-9638-10D17CABE1D0}"
EndProject
Global
	GlobalSection(SolutionConfigurationPlatforms) = preSolution
		Debug|x64 = Debug|x64
		Debug|x86 = Debug|x86
		Release|x64 = Release|x64
		Release|x86 = Release|x86
	EndGlobalSection
	GlobalSection(ProjectConfigurationPlatforms) = postSolution
		{D2976EA1-DB60-4756-9638-10D17CABE1D0}.Debug|x64.ActiveCfg = Debug|x64
		{D2976EA1-DB60-4756-9638-10D17CABE1D0}.Debug|x64.Build.0 = Debug|x64
		{D2976EA1-DB60-4756-9638-10D17CABE1D0}.Debug|x86.ActiveCfg = Debug|Win32
		{D2976EA1-DB60-4756-9638-10D17CABE1D0}.Debug|x86.Build.0 = Debug|Win32
		{D2976EA1-DB60-4756-9638-10D17CABE1D0}.Release|x64.ActiveCfg = Release|x64
		{D2976EA1-DB60-4756-9638-10D17CABE1D0}.Release|x64.Build.0 = Release|x64
		{D2976EA1-DB60-4756-9638-10D17CABE1D0}.Release|x86.ActiveCfg = Release|Win32
		{D2976EA1-DB60-4756-9638-10D17CABE1D0}.Release|x86.Build.0 = Release|Win32
	EndGlobalSection
	GlobalSection(SolutionProperties) = preSolution
		HideSolutionNode = FALSE
	EndGlobalSection
	GlobalSection(ExtensibilityGlobals) = postSolution
		SolutionGuid = {7AB9403A-3212-429E-810F-1BF74DA9CC3A}
	EndGlobalSection
EndGlobal
